
Microsoft Visual Studio Solution File, Format Version 12.00
# Visual Studio 15
VisualStudioVersion = 15.0.26228.4
MinimumVisualStudioVersion = 10.0.40219.1
Project("{FAE04EC0-301F-11D3-BF4B-00C04F79EFBC}") = "FanControl", "FanControl.csproj", "{CAE733F4-69B6-4976-87FA-5A95158133D1}"
EndProject
Project("{8BC9CEB8-8B4A-11D0-8D11-00A0C91BC942}") = "SpeedControlController", "SpeedControlController\SpeedControlController.vcxproj", "{A37D2306-D1E9-4321-8906-17D12BB275BA}"
EndProject
Project("{FAE04EC0-301F-11D3-BF4B-00C04F79EFBC}") = "UI", "UI\UI.csproj", "{B7E11513-02DB-4C7D-B2CE-706BD44AA974}"
EndProject
Project("{FAE04EC0-301F-11D3-BF4B-00C04F79EFBC}") = "FanControl.Logic", "FanControl.Logic\FanControl.Logic.csproj", "{D50AD39A-4B0B-4DE6-8BE5-99028F3FF823}"
EndProject
Global
	GlobalSection(SolutionConfigurationPlatforms) = preSolution
		Debug|Any CPU = Debug|Any CPU
		Debug|x64 = Debug|x64
		Debug|x86 = Debug|x86
		Release|Any CPU = Release|Any CPU
		Release|x64 = Release|x64
		Release|x86 = Release|x86
	EndGlobalSection
	GlobalSection(ProjectConfigurationPlatforms) = postSolution
		{CAE733F4-69B6-4976-87FA-5A95158133D1}.Debug|Any CPU.ActiveCfg = Debug|Any CPU
		{CAE733F4-69B6-4976-87FA-5A95158133D1}.Debug|Any CPU.Build.0 = Debug|Any CPU
		{CAE733F4-69B6-4976-87FA-5A95158133D1}.Debug|x64.ActiveCfg = Debug|Any CPU
		{CAE733F4-69B6-4976-87FA-5A95158133D1}.Debug|x64.Build.0 = Debug|Any CPU
		{CAE733F4-69B6-4976-87FA-5A95158133D1}.Debug|x86.ActiveCfg = Debug|Any CPU
		{CAE733F4-69B6-4976-87FA-5A95158133D1}.Debug|x86.Build.0 = Debug|Any CPU
		{CAE733F4-69B6-4976-87FA-5A95158133D1}.Release|Any CPU.ActiveCfg = Release|Any CPU
		{CAE733F4-69B6-4976-87FA-5A95158133D1}.Release|Any CPU.Build.0 = Release|Any CPU
		{CAE733F4-69B6-4976-87FA-5A95158133D1}.Release|x64.ActiveCfg = Release|Any CPU
		{CAE733F4-69B6-4976-87FA-5A95158133D1}.Release|x64.Build.0 = Release|Any CPU
		{CAE733F4-69B6-4976-87FA-5A95158133D1}.Release|x86.ActiveCfg = Release|Any CPU
		{CAE733F4-69B6-4976-87FA-5A95158133D1}.Release|x86.Build.0 = Release|Any CPU
		{A37D2306-D1E9-4321-8906-17D12BB275BA}.Debug|Any CPU.ActiveCfg = Debug|Win32
		{A37D2306-D1E9-4321-8906-17D12BB275BA}.Debug|x64.ActiveCfg = Debug|x64
		{A37D2306-D1E9-4321-8906-17D12BB275BA}.Debug|x64.Build.0 = Debug|x64
		{A37D2306-D1E9-4321-8906-17D12BB275BA}.Debug|x86.ActiveCfg = Debug|Win32
		{A37D2306-D1E9-4321-8906-17D12BB275BA}.Debug|x86.Build.0 = Debug|Win32
		{A37D2306-D1E9-4321-8906-17D12BB275BA}.Release|Any CPU.ActiveCfg = Release|Win32
		{A37D2306-D1E9-4321-8906-17D12BB275BA}.Release|x64.ActiveCfg = Release|x64
		{A37D2306-D1E9-4321-8906-17D12BB275BA}.Release|x64.Build.0 = Release|x64
		{A37D2306-D1E9-4321-8906-17D12BB275BA}.Release|x86.ActiveCfg = Release|Win32
		{A37D2306-D1E9-4321-8906-17D12BB275BA}.Release|x86.Build.0 = Release|Win32
		{B7E11513-02DB-4C7D-B2CE-706BD44AA974}.Debug|Any CPU.ActiveCfg = Debug|Any CPU
		{B7E11513-02DB-4C7D-B2CE-706BD44AA974}.Debug|Any CPU.Build.0 = Debug|Any CPU
		{B7E11513-02DB-4C7D-B2CE-706BD44AA974}.Debug|x64.ActiveCfg = Debug|Any CPU
		{B7E11513-02DB-4C7D-B2CE-706BD44AA974}.Debug|x64.Build.0 = Debug|Any CPU
		{B7E11513-02DB-4C7D-B2CE-706BD44AA974}.Debug|x86.ActiveCfg = Debug|Any CPU
		{B7E11513-02DB-4C7D-B2CE-706BD44AA974}.Debug|x86.Build.0 = Debug|Any CPU
		{B7E11513-02DB-4C7D-B2CE-706BD44AA974}.Release|Any CPU.ActiveCfg = Release|Any CPU
		{B7E11513-02DB-4C7D-B2CE-706BD44AA974}.Release|Any CPU.Build.0 = Release|Any CPU
		{B7E11513-02DB-4C7D-B2CE-706BD44AA974}.Release|x64.ActiveCfg = Release|Any CPU
		{B7E11513-02DB-4C7D-B2CE-706BD44AA974}.Release|x64.Build.0 = Release|Any CPU
		{B7E11513-02DB-4C7D-B2CE-706BD44AA974}.Release|x86.ActiveCfg = Release|Any CPU
		{B7E11513-02DB-4C7D-B2CE-706BD44AA974}.Release|x86.Build.0 = Release|Any CPU
		{D50AD39A-4B0B-4DE6-8BE5-99028F3FF823}.Debug|Any CPU.ActiveCfg = Debug|Any CPU
		{D50AD39A-4B0B-4DE6-8BE5-99028F3FF823}.Debug|Any CPU.Build.0 = Debug|Any CPU
		{D50AD39A-4B0B-4DE6-8BE5-99028F3FF823}.Debug|x64.ActiveCfg = Debug|Any CPU
		{D50AD39A-4B0B-4DE6-8BE5-99028F3FF823}.Debug|x64.Build.0 = Debug|Any CPU
		{D50AD39A-4B0B-4DE6-8BE5-99028F3FF823}.Debug|x86.ActiveCfg = Debug|Any CPU
		{D50AD39A-4B0B-4DE6-8BE5-99028F3FF823}.Debug|x86.Build.0 = Debug|Any CPU
		{D50AD39A-4B0B-4DE6-8BE5-99028F3FF823}.Release|Any CPU.ActiveCfg = Release|Any CPU
		{D50AD39A-4B0B-4DE6-8BE5-99028F3FF823}.Release|Any CPU.Build.0 = Release|Any CPU
		{D50AD39A-4B0B-4DE6-8BE5-99028F3FF823}.Release|x64.ActiveCfg = Release|Any CPU
		{D50AD39A-4B0B-4DE6-8BE5-99028F3FF823}.Release|x64.Build.0 = Release|Any CPU
		{D50AD39A-4B0B-4DE6-8BE5-99028F3FF823}.Release|x86.ActiveCfg = Release|Any CPU
		{D50AD39A-4B0B-4DE6-8BE5-99028F3FF823}.Release|x86.Build.0 = Release|Any CPU
	EndGlobalSection
	GlobalSection(SolutionProperties) = preSolution
		HideSolutionNode = FALSE
	EndGlobalSection
	GlobalSection(ExtensibilityGlobals) = postSolution
		SolutionGuid = {56D0AC46-8DC3-4328-8914-1317186FA637}
	EndGlobalSection
EndGlobal
